{
  "name": "browser-thumbnail-generator",
  "version": "1.0.0",
  "lockfileVersion": 3,
  "requires": true,
  "packages": {
    "": {
      "name": "browser-thumbnail-generator",
      "version": "1.0.0",
      "license": "ISC",
      "dependencies": {
        "browser-thumbnail-generator": "^1.0.0"
      }
    },
    "node_modules/browser-thumbnail-generator": {
      "version": "1.0.0",
      "resolved": "https://registry.npmjs.org/browser-thumbnail-generator/-/browser-thumbnail-generator-1.0.0.tgz",
      "integrity": "sha512-7OGKCu54FvTnOn8kY9d1CZoPI+9HAIS7bqJ50AJT8UFqJqEMElCUJmrio51bGdU9RcRyYJ+cdteGEtwMV4G+kw=="
    }
  }
}
